
Microsoft Visual Studio Solution File, Format Version 12.00
# Visual Studio Version 17
VisualStudioVersion = 17.1.32228.430
MinimumVisualStudioVersion = 10.0.40219.1
Project("{FAE04EC0-301F-11D3-BF4B-00C04F79EFBC}") = "Atividade_POO.ConsoleApp", "Atividade_POO.ConsoleApp\Atividade_POO.ConsoleApp.csproj", "{FD63BD3B-A716-4353-87BF-6B9F9D1C686B}"
EndProject
Global
	GlobalSection(SolutionConfigurationPlatforms) = preSolution
		Debug|Any CPU = Debug|Any CPU
		Release|Any CPU = Release|Any CPU
	EndGlobalSection
	GlobalSection(ProjectConfigurationPlatforms) = postSolution
		{FD63BD3B-A716-4353-87BF-6B9F9D1C686B}.Debug|Any CPU.ActiveCfg = Debug|Any CPU
		{FD63BD3B-A716-4353-87BF-6B9F9D1C686B}.Debug|Any CPU.Build.0 = Debug|Any CPU
		{FD63BD3B-A716-4353-87BF-6B9F9D1C686B}.Release|Any CPU.ActiveCfg = Release|Any CPU
		{FD63BD3B-A716-4353-87BF-6B9F9D1C686B}.Release|Any CPU.Build.0 = Release|Any CPU
	EndGlobalSection
	GlobalSection(SolutionProperties) = preSolution
		HideSolutionNode = FALSE
	EndGlobalSection
	GlobalSection(ExtensibilityGlobals) = postSolution
		SolutionGuid = {9C818F08-1768-46B3-9811-F2606AA3418D}
	EndGlobalSection
EndGlobal
